
Microsoft Visual Studio Solution File, Format Version 12.00
# Visual Studio Version 17
VisualStudioVersion = 17.2.32616.157
MinimumVisualStudioVersion = 10.0.40219.1
Project("{FAE04EC0-301F-11D3-BF4B-00C04F79EFBC}") = "Ornek1", "Ornek1\Ornek1.csproj", "{E8306375-5905-4723-832D-3A1D01B62F1A}"
EndProject
Global
	GlobalSection(SolutionConfigurationPlatforms) = preSolution
		Debug|Any CPU = Debug|Any CPU
		Release|Any CPU = Release|Any CPU
	EndGlobalSection
	GlobalSection(ProjectConfigurationPlatforms) = postSolution
		{E8306375-5905-4723-832D-3A1D01B62F1A}.Debug|Any CPU.ActiveCfg = Debug|Any CPU
		{E8306375-5905-4723-832D-3A1D01B62F1A}.Debug|Any CPU.Build.0 = Debug|Any CPU
		{E8306375-5905-4723-832D-3A1D01B62F1A}.Release|Any CPU.ActiveCfg = Release|Any CPU
		{E8306375-5905-4723-832D-3A1D01B62F1A}.Release|Any CPU.Build.0 = Release|Any CPU
	EndGlobalSection
	GlobalSection(SolutionProperties) = preSolution
		HideSolutionNode = FALSE
	EndGlobalSection
	GlobalSection(ExtensibilityGlobals) = postSolution
		SolutionGuid = {526E316D-AF20-4EDB-9AC8-9DB0817B9E34}
	EndGlobalSection
EndGlobal
